
Microsoft Visual Studio Solution File, Format Version 12.00
# Visual Studio Version 17
VisualStudioVersion = 17.8.34330.188
MinimumVisualStudioVersion = 10.0.40219.1
Project("{9A19103F-16F7-4668-BE54-9A1E7A4F7556}") = "TinyURL", "TinyURL\TinyURL.csproj", "{00445F26-51CB-42C5-A2F1-DD97B530C220}"
EndProject
Global
	GlobalSection(SolutionConfigurationPlatforms) = preSolution
		Debug|Any CPU = Debug|Any CPU
		Release|Any CPU = Release|Any CPU
	EndGlobalSection
	GlobalSection(ProjectConfigurationPlatforms) = postSolution
		{00445F26-51CB-42C5-A2F1-DD97B530C220}.Debug|Any CPU.ActiveCfg = Debug|Any CPU
		{00445F26-51CB-42C5-A2F1-DD97B530C220}.Debug|Any CPU.Build.0 = Debug|Any CPU
		{00445F26-51CB-42C5-A2F1-DD97B530C220}.Release|Any CPU.ActiveCfg = Release|Any CPU
		{00445F26-51CB-42C5-A2F1-DD97B530C220}.Release|Any CPU.Build.0 = Release|Any CPU
	EndGlobalSection
	GlobalSection(SolutionProperties) = preSolution
		HideSolutionNode = FALSE
	EndGlobalSection
	GlobalSection(ExtensibilityGlobals) = postSolution
		SolutionGuid = {0107FDD7-A294-44A0-B0A4-7F6937A88CF1}
	EndGlobalSection
EndGlobal
